
Microsoft Visual Studio Solution File, Format Version 12.00
# Visual Studio Version 17
VisualStudioVersion = 17.8.34408.163
MinimumVisualStudioVersion = 10.0.40219.1
Project("{FAE04EC0-301F-11D3-BF4B-00C04F79EFBC}") = "study", "study\study.csproj", "{09EBD9D6-6859-404B-B91C-1539E25298DA}"
EndProject
Global
	GlobalSection(SolutionConfigurationPlatforms) = preSolution
		Debug|Any CPU = Debug|Any CPU
		Release|Any CPU = Release|Any CPU
	EndGlobalSection
	GlobalSection(ProjectConfigurationPlatforms) = postSolution
		{09EBD9D6-6859-404B-B91C-1539E25298DA}.Debug|Any CPU.ActiveCfg = Debug|Any CPU
		{09EBD9D6-6859-404B-B91C-1539E25298DA}.Debug|Any CPU.Build.0 = Debug|Any CPU
		{09EBD9D6-6859-404B-B91C-1539E25298DA}.Release|Any CPU.ActiveCfg = Release|Any CPU
		{09EBD9D6-6859-404B-B91C-1539E25298DA}.Release|Any CPU.Build.0 = Release|Any CPU
	EndGlobalSection
	GlobalSection(SolutionProperties) = preSolution
		HideSolutionNode = FALSE
	EndGlobalSection
	GlobalSection(ExtensibilityGlobals) = postSolution
		SolutionGuid = {35F8B21A-5E67-4B35-9902-03624D5A2CCC}
	EndGlobalSection
EndGlobal
